// !$*UTF8*$!
{
	archiveVersion = 1;
	classes = {
	};
	objectVersion = 50;
	objects = {

/* Begin PBXBuildFile section */
		8E0DA5852348955E007A23E5 /* AppDelegate.swift in Sources */ = {isa = PBXBuildFile; fileRef = 8E0DA5842348955E007A23E5 /* AppDelegate.swift */; };
		8E0DA5872348955E007A23E5 /* HomeViewController.swift in Sources */ = {isa = PBXBuildFile; fileRef = 8E0DA5862348955E007A23E5 /* HomeViewController.swift */; };
		8E0DA58A2348955E007A23E5 /* Main.storyboard in Resources */ = {isa = PBXBuildFile; fileRef = 8E0DA5882348955E007A23E5 /* Main.storyboard */; };
		8E0DA58C2348955F007A23E5 /* Assets.xcassets in Resources */ = {isa = PBXBuildFile; fileRef = 8E0DA58B2348955F007A23E5 /* Assets.xcassets */; };
		8E0DA58F2348955F007A23E5 /* LaunchScreen.storyboard in Resources */ = {isa = PBXBuildFile; fileRef = 8E0DA58D2348955F007A23E5 /* LaunchScreen.storyboard */; };
		8E0DA59A2348955F007A23E5 /* ConstactAppTests.swift in Sources */ = {isa = PBXBuildFile; fileRef = 8E0DA5992348955F007A23E5 /* ConstactAppTests.swift */; };
		8E0DA5A52348955F007A23E5 /* ConstactAppUITests.swift in Sources */ = {isa = PBXBuildFile; fileRef = 8E0DA5A42348955F007A23E5 /* ConstactAppUITests.swift */; };
		8E0DA5BB23489AB4007A23E5 /* ContactPresentationModel.swift in Sources */ = {isa = PBXBuildFile; fileRef = 8E0DA5BA23489AB4007A23E5 /* ContactPresentationModel.swift */; };
		8E0DA5BF23489E67007A23E5 /* UIExtension.swift in Sources */ = {isa = PBXBuildFile; fileRef = 8E0DA5BE23489E67007A23E5 /* UIExtension.swift */; };
		8E0DA5C323489F82007A23E5 /* ContactCell.swift in Sources */ = {isa = PBXBuildFile; fileRef = 8E0DA5C123489F82007A23E5 /* ContactCell.swift */; };
		8E0DA5C423489F82007A23E5 /* ContactCell.xib in Resources */ = {isa = PBXBuildFile; fileRef = 8E0DA5C223489F82007A23E5 /* ContactCell.xib */; };
		8E0DA5C82348B536007A23E5 /* ContactDetailVC.swift in Sources */ = {isa = PBXBuildFile; fileRef = 8E0DA5C72348B536007A23E5 /* ContactDetailVC.swift */; };
		8E0DA5CA2348B562007A23E5 /* ContactEditVC.swift in Sources */ = {isa = PBXBuildFile; fileRef = 8E0DA5C92348B562007A23E5 /* ContactEditVC.swift */; };
		8E0DA5CC2348BA4A007A23E5 /* GradientView.swift in Sources */ = {isa = PBXBuildFile; fileRef = 8E0DA5CB2348BA4A007A23E5 /* GradientView.swift */; };
		8E0DA5CE2348BAE8007A23E5 /* Theme.swift in Sources */ = {isa = PBXBuildFile; fileRef = 8E0DA5CD2348BAE8007A23E5 /* Theme.swift */; };
		8E0DA5D02348C04F007A23E5 /* BaseViewController.swift in Sources */ = {isa = PBXBuildFile; fileRef = 8E0DA5CF2348C04F007A23E5 /* BaseViewController.swift */; };
		8E0DA5D22348D231007A23E5 /* ContactDetails.swift in Sources */ = {isa = PBXBuildFile; fileRef = 8E0DA5D12348D231007A23E5 /* ContactDetails.swift */; };
/* End PBXBuildFile section */

/* Begin PBXContainerItemProxy section */
		8E0DA5962348955F007A23E5 /* PBXContainerItemProxy */ = {
			isa = PBXContainerItemProxy;
			containerPortal = 8E0DA5792348955E007A23E5 /* Project object */;
			proxyType = 1;
			remoteGlobalIDString = 8E0DA5802348955E007A23E5;
			remoteInfo = ConstactApp;
		};
		8E0DA5A12348955F007A23E5 /* PBXContainerItemProxy */ = {
			isa = PBXContainerItemProxy;
			containerPortal = 8E0DA5792348955E007A23E5 /* Project object */;
			proxyType = 1;
			remoteGlobalIDString = 8E0DA5802348955E007A23E5;
			remoteInfo = ConstactApp;
		};
/* End PBXContainerItemProxy section */

/* Begin PBXFileReference section */
		8E0DA5812348955E007A23E5 /* ConstactApp.app */ = {isa = PBXFileReference; explicitFileType = wrapper.application; includeInIndex = 0; path = ConstactApp.app; sourceTree = BUILT_PRODUCTS_DIR; };
		8E0DA5842348955E007A23E5 /* AppDelegate.swift */ = {isa = PBXFileReference; lastKnownFileType = sourcecode.swift; path = AppDelegate.swift; sourceTree = "<group>"; };
		8E0DA5862348955E007A23E5 /* HomeViewController.swift */ = {isa = PBXFileReference; lastKnownFileType = sourcecode.swift; path = HomeViewController.swift; sourceTree = "<group>"; };
		8E0DA5892348955E007A23E5 /* Base */ = {isa = PBXFileReference; lastKnownFileType = file.storyboard; name = Base; path = Base.lproj/Main.storyboard; sourceTree = "<group>"; };
		8E0DA58B2348955F007A23E5 /* Assets.xcassets */ = {isa = PBXFileReference; lastKnownFileType = folder.assetcatalog; path = Assets.xcassets; sourceTree = "<group>"; };
		8E0DA58E2348955F007A23E5 /* Base */ = {isa = PBXFileReference; lastKnownFileType = file.storyboard; name = Base; path = Base.lproj/LaunchScreen.storyboard; sourceTree = "<group>"; };
		8E0DA5902348955F007A23E5 /* Info.plist */ = {isa = PBXFileReference; lastKnownFileType = text.plist.xml; path = Info.plist; sourceTree = "<group>"; };
		8E0DA5952348955F007A23E5 /* ConstactAppTests.xctest */ = {isa = PBXFileReference; explicitFileType = wrapper.cfbundle; includeInIndex = 0; path = ConstactAppTests.xctest; sourceTree = BUILT_PRODUCTS_DIR; };
		8E0DA5992348955F007A23E5 /* ConstactAppTests.swift */ = {isa = PBXFileReference; lastKnownFileType = sourcecode.swift; path = ConstactAppTests.swift; sourceTree = "<group>"; };
		8E0DA59B2348955F007A23E5 /* Info.plist */ = {isa = PBXFileReference; lastKnownFileType = text.plist.xml; path = Info.plist; sourceTree = "<group>"; };
		8E0DA5A02348955F007A23E5 /* ConstactAppUITests.xctest */ = {isa = PBXFileReference; explicitFileType = wrapper.cfbundle; includeInIndex = 0; path = ConstactAppUITests.xctest; sourceTree = BUILT_PRODUCTS_DIR; };
		8E0DA5A42348955F007A23E5 /* ConstactAppUITests.swift */ = {isa = PBXFileReference; lastKnownFileType = sourcecode.swift; path = ConstactAppUITests.swift; sourceTree = "<group>"; };
		8E0DA5A62348955F007A23E5 /* Info.plist */ = {isa = PBXFileReference; lastKnownFileType = text.plist.xml; path = Info.plist; sourceTree = "<group>"; };
		8E0DA5BA23489AB4007A23E5 /* ContactPresentationModel.swift */ = {isa = PBXFileReference; lastKnownFileType = sourcecode.swift; path = ContactPresentationModel.swift; sourceTree = "<group>"; };
		8E0DA5BE23489E67007A23E5 /* UIExtension.swift */ = {isa = PBXFileReference; lastKnownFileType = sourcecode.swift; path = UIExtension.swift; sourceTree = "<group>"; };
		8E0DA5C123489F82007A23E5 /* ContactCell.swift */ = {isa = PBXFileReference; lastKnownFileType = sourcecode.swift; path = ContactCell.swift; sourceTree = "<group>"; };
		8E0DA5C223489F82007A23E5 /* ContactCell.xib */ = {isa = PBXFileReference; lastKnownFileType = file.xib; path = ContactCell.xib; sourceTree = "<group>"; };
		8E0DA5C72348B536007A23E5 /* ContactDetailVC.swift */ = {isa = PBXFileReference; lastKnownFileType = sourcecode.swift; path = ContactDetailVC.swift; sourceTree = "<group>"; };
		8E0DA5C92348B562007A23E5 /* ContactEditVC.swift */ = {isa = PBXFileReference; lastKnownFileType = sourcecode.swift; path = ContactEditVC.swift; sourceTree = "<group>"; };
		8E0DA5CB2348BA4A007A23E5 /* GradientView.swift */ = {isa = PBXFileReference; lastKnownFileType = sourcecode.swift; path = GradientView.swift; sourceTree = "<group>"; };
		8E0DA5CD2348BAE8007A23E5 /* Theme.swift */ = {isa = PBXFileReference; lastKnownFileType = sourcecode.swift; path = Theme.swift; sourceTree = "<group>"; };
		8E0DA5CF2348C04F007A23E5 /* BaseViewController.swift */ = {isa = PBXFileReference; lastKnownFileType = sourcecode.swift; path = BaseViewController.swift; sourceTree = "<group>"; };
		8E0DA5D12348D231007A23E5 /* ContactDetails.swift */ = {isa = PBXFileReference; lastKnownFileType = sourcecode.swift; path = ContactDetails.swift; sourceTree = "<group>"; };
/* End PBXFileReference section */

/* Begin PBXFrameworksBuildPhase section */
		8E0DA57E2348955E007A23E5 /* Frameworks */ = {
			isa = PBXFrameworksBuildPhase;
			buildActionMask = 2147483647;
			files = (
			);
			runOnlyForDeploymentPostprocessing = 0;
		};
		8E0DA5922348955F007A23E5 /* Frameworks */ = {
			isa = PBXFrameworksBuildPhase;
			buildActionMask = 2147483647;
			files = (
			);
			runOnlyForDeploymentPostprocessing = 0;
		};
		8E0DA59D2348955F007A23E5 /* Frameworks */ = {
			isa = PBXFrameworksBuildPhase;
			buildActionMask = 2147483647;
			files = (
			);
			runOnlyForDeploymentPostprocessing = 0;
		};
/* End PBXFrameworksBuildPhase section */

/* Begin PBXGroup section */
		8E0DA5782348955E007A23E5 = {
			isa = PBXGroup;
			children = (
				8E0DA5832348955E007A23E5 /* ConstactApp */,
				8E0DA5982348955F007A23E5 /* ConstactAppTests */,
				8E0DA5A32348955F007A23E5 /* ConstactAppUITests */,
				8E0DA5822348955E007A23E5 /* Products */,
			);
			sourceTree = "<group>";
		};
		8E0DA5822348955E007A23E5 /* Products */ = {
			isa = PBXGroup;
			children = (
				8E0DA5812348955E007A23E5 /* ConstactApp.app */,
				8E0DA5952348955F007A23E5 /* ConstactAppTests.xctest */,
				8E0DA5A02348955F007A23E5 /* ConstactAppUITests.xctest */,
			);
			name = Products;
			sourceTree = "<group>";
		};
		8E0DA5832348955E007A23E5 /* ConstactApp */ = {
			isa = PBXGroup;
			children = (
				8E0DA5B223489883007A23E5 /* Domain */,
				8E0DA5B32348988E007A23E5 /* Platform */,
				8E0DA5B42348989A007A23E5 /* Presentation */,
				8E0DA5842348955E007A23E5 /* AppDelegate.swift */,
				8E0DA5882348955E007A23E5 /* Main.storyboard */,
				8E0DA58B2348955F007A23E5 /* Assets.xcassets */,
				8E0DA58D2348955F007A23E5 /* LaunchScreen.storyboard */,
				8E0DA5902348955F007A23E5 /* Info.plist */,
			);
			path = ConstactApp;
			sourceTree = "<group>";
		};
		8E0DA5982348955F007A23E5 /* ConstactAppTests */ = {
			isa = PBXGroup;
			children = (
				8E0DA5992348955F007A23E5 /* ConstactAppTests.swift */,
				8E0DA59B2348955F007A23E5 /* Info.plist */,
			);
			path = ConstactAppTests;
			sourceTree = "<group>";
		};
		8E0DA5A32348955F007A23E5 /* ConstactAppUITests */ = {
			isa = PBXGroup;
			children = (
				8E0DA5A42348955F007A23E5 /* ConstactAppUITests.swift */,
				8E0DA5A62348955F007A23E5 /* Info.plist */,
			);
			path = ConstactAppUITests;
			sourceTree = "<group>";
		};
		8E0DA5B223489883007A23E5 /* Domain */ = {
			isa = PBXGroup;
			children = (
				8E0DA5B523489908007A23E5 /* Models */,
				8E0DA5B623489917007A23E5 /* Usecase */,
			);
			path = Domain;
			sourceTree = "<group>";
		};
		8E0DA5B32348988E007A23E5 /* Platform */ = {
			isa = PBXGroup;
			children = (
			);
			path = Platform;
			sourceTree = "<group>";
		};
		8E0DA5B42348989A007A23E5 /* Presentation */ = {
			isa = PBXGroup;
			children = (
				8E0DA5BC23489E3C007A23E5 /* Common */,
				8E0DA5B923489A99007A23E5 /* Home */,
				8E0DA5C52348B4D5007A23E5 /* ContactDetail */,
				8E0DA5C62348B4E7007A23E5 /* ContactEdit */,
			);
			path = Presentation;
			sourceTree = "<group>";
		};
		8E0DA5B523489908007A23E5 /* Models */ = {
			isa = PBXGroup;
			children = (
			);
			path = Models;
			sourceTree = "<group>";
		};
		8E0DA5B623489917007A23E5 /* Usecase */ = {
			isa = PBXGroup;
			children = (
			);
			path = Usecase;
			sourceTree = "<group>";
		};
		8E0DA5B923489A99007A23E5 /* Home */ = {
			isa = PBXGroup;
			children = (
				8E0DA5C023489F5A007A23E5 /* Cells */,
				8E0DA5862348955E007A23E5 /* HomeViewController.swift */,
				8E0DA5BA23489AB4007A23E5 /* ContactPresentationModel.swift */,
			);
			path = Home;
			sourceTree = "<group>";
		};
		8E0DA5BC23489E3C007A23E5 /* Common */ = {
			isa = PBXGroup;
			children = (
				8E0DA5BD23489E4B007A23E5 /* Extension */,
				8E0DA5CB2348BA4A007A23E5 /* GradientView.swift */,
				8E0DA5CD2348BAE8007A23E5 /* Theme.swift */,
				8E0DA5CF2348C04F007A23E5 /* BaseViewController.swift */,
			);
			path = Common;
			sourceTree = "<group>";
		};
		8E0DA5BD23489E4B007A23E5 /* Extension */ = {
			isa = PBXGroup;
			children = (
				8E0DA5BE23489E67007A23E5 /* UIExtension.swift */,
			);
			path = Extension;
			sourceTree = "<group>";
		};
		8E0DA5C023489F5A007A23E5 /* Cells */ = {
			isa = PBXGroup;
			children = (
				8E0DA5C123489F82007A23E5 /* ContactCell.swift */,
				8E0DA5C223489F82007A23E5 /* ContactCell.xib */,
			);
			path = Cells;
			sourceTree = "<group>";
		};
		8E0DA5C52348B4D5007A23E5 /* ContactDetail */ = {
			isa = PBXGroup;
			children = (
				8E0DA5C72348B536007A23E5 /* ContactDetailVC.swift */,
				8E0DA5D12348D231007A23E5 /* ContactDetails.swift */,
			);
			path = ContactDetail;
			sourceTree = "<group>";
		};
		8E0DA5C62348B4E7007A23E5 /* ContactEdit */ = {
			isa = PBXGroup;
			children = (
				8E0DA5C92348B562007A23E5 /* ContactEditVC.swift */,
			);
			path = ContactEdit;
			sourceTree = "<group>";
		};
/* End PBXGroup section */

/* Begin PBXNativeTarget section */
		8E0DA5802348955E007A23E5 /* ConstactApp */ = {
			isa = PBXNativeTarget;
			buildConfigurationList = 8E0DA5A92348955F007A23E5 /* Build configuration list for PBXNativeTarget "ConstactApp" */;
			buildPhases = (
				8E0DA57D2348955E007A23E5 /* Sources */,
				8E0DA57E2348955E007A23E5 /* Frameworks */,
				8E0DA57F2348955E007A23E5 /* Resources */,
			);
			buildRules = (
			);
			dependencies = (
			);
			name = ConstactApp;
			productName = ConstactApp;
			productReference = 8E0DA5812348955E007A23E5 /* ConstactApp.app */;
			productType = "com.apple.product-type.application";
		};
		8E0DA5942348955F007A23E5 /* ConstactAppTests */ = {
			isa = PBXNativeTarget;
			buildConfigurationList = 8E0DA5AC2348955F007A23E5 /* Build configuration list for PBXNativeTarget "ConstactAppTests" */;
			buildPhases = (
				8E0DA5912348955F007A23E5 /* Sources */,
				8E0DA5922348955F007A23E5 /* Frameworks */,
				8E0DA5932348955F007A23E5 /* Resources */,
			);
			buildRules = (
			);
			dependencies = (
				8E0DA5972348955F007A23E5 /* PBXTargetDependency */,
			);
			name = ConstactAppTests;
			productName = ConstactAppTests;
			productReference = 8E0DA5952348955F007A23E5 /* ConstactAppTests.xctest */;
			productType = "com.apple.product-type.bundle.unit-test";
		};
		8E0DA59F2348955F007A23E5 /* ConstactAppUITests */ = {
			isa = PBXNativeTarget;
			buildConfigurationList = 8E0DA5AF2348955F007A23E5 /* Build configuration list for PBXNativeTarget "ConstactAppUITests" */;
			buildPhases = (
				8E0DA59C2348955F007A23E5 /* Sources */,
				8E0DA59D2348955F007A23E5 /* Frameworks */,
				8E0DA59E2348955F007A23E5 /* Resources */,
			);
			buildRules = (
			);
			dependencies = (
				8E0DA5A22348955F007A23E5 /* PBXTargetDependency */,
			);
			name = ConstactAppUITests;
			productName = ConstactAppUITests;
			productReference = 8E0DA5A02348955F007A23E5 /* ConstactAppUITests.xctest */;
			productType = "com.apple.product-type.bundle.ui-testing";
		};
/* End PBXNativeTarget section */

/* Begin PBXProject section */
		8E0DA5792348955E007A23E5 /* Project object */ = {
			isa = PBXProject;
			attributes = {
				LastSwiftUpdateCheck = 1020;
				LastUpgradeCheck = 1020;
				ORGANIZATIONNAME = "Jaiswal, Akash";
				TargetAttributes = {
					8E0DA5802348955E007A23E5 = {
						CreatedOnToolsVersion = 10.2;
					};
					8E0DA5942348955F007A23E5 = {
						CreatedOnToolsVersion = 10.2;
						TestTargetID = 8E0DA5802348955E007A23E5;
					};
					8E0DA59F2348955F007A23E5 = {
						CreatedOnToolsVersion = 10.2;
						TestTargetID = 8E0DA5802348955E007A23E5;
					};
				};
			};
			buildConfigurationList = 8E0DA57C2348955E007A23E5 /* Build configuration list for PBXProject "ConstactApp" */;
			compatibilityVersion = "Xcode 9.3";
			developmentRegion = en;
			hasScannedForEncodings = 0;
			knownRegions = (
				en,
				Base,
			);
			mainGroup = 8E0DA5782348955E007A23E5;
			productRefGroup = 8E0DA5822348955E007A23E5 /* Products */;
			projectDirPath = "";
			projectRoot = "";
			targets = (
				8E0DA5802348955E007A23E5 /* ConstactApp */,
				8E0DA5942348955F007A23E5 /* ConstactAppTests */,
				8E0DA59F2348955F007A23E5 /* ConstactAppUITests */,
			);
		};
/* End PBXProject section */

/* Begin PBXResourcesBuildPhase section */
		8E0DA57F2348955E007A23E5 /* Resources */ = {
			isa = PBXResourcesBuildPhase;
			buildActionMask = 2147483647;
			files = (
				8E0DA5C423489F82007A23E5 /* ContactCell.xib in Resources */,
				8E0DA58F2348955F007A23E5 /* LaunchScreen.storyboard in Resources */,
				8E0DA58C2348955F007A23E5 /* Assets.xcassets in Resources */,
				8E0DA58A2348955E007A23E5 /* Main.storyboard in Resources */,
			);
			runOnlyForDeploymentPostprocessing = 0;
		};
		8E0DA5932348955F007A23E5 /* Resources */ = {
			isa = PBXResourcesBuildPhase;
			buildActionMask = 2147483647;
			files = (
			);
			runOnlyForDeploymentPostprocessing = 0;
		};
		8E0DA59E2348955F007A23E5 /* Resources */ = {
			isa = PBXResourcesBuildPhase;
			buildActionMask = 2147483647;
			files = (
			);
			runOnlyForDeploymentPostprocessing = 0;
		};
/* End PBXResourcesBuildPhase section */

/* Begin PBXSourcesBuildPhase section */
		8E0DA57D2348955E007A23E5 /* Sources */ = {
			isa = PBXSourcesBuildPhase;
			buildActionMask = 2147483647;
			files = (
				8E0DA5C82348B536007A23E5 /* ContactDetailVC.swift in Sources */,
				8E0DA5D22348D231007A23E5 /* ContactDetails.swift in Sources */,
				8E0DA5CE2348BAE8007A23E5 /* Theme.swift in Sources */,
				8E0DA5D02348C04F007A23E5 /* BaseViewController.swift in Sources */,
				8E0DA5CA2348B562007A23E5 /* ContactEditVC.swift in Sources */,
				8E0DA5C323489F82007A23E5 /* ContactCell.swift in Sources */,
				8E0DA5872348955E007A23E5 /* HomeViewController.swift in Sources */,
				8E0DA5852348955E007A23E5 /* AppDelegate.swift in Sources */,
				8E0DA5BB23489AB4007A23E5 /* ContactPresentationModel.swift in Sources */,
				8E0DA5BF23489E67007A23E5 /* UIExtension.swift in Sources */,
				8E0DA5CC2348BA4A007A23E5 /* GradientView.swift in Sources */,
			);
			runOnlyForDeploymentPostprocessing = 0;
		};
		8E0DA5912348955F007A23E5 /* Sources */ = {
			isa = PBXSourcesBuildPhase;
			buildActionMask = 2147483647;
			files = (
				8E0DA59A2348955F007A23E5 /* ConstactAppTests.swift in Sources */,
			);
			runOnlyForDeploymentPostprocessing = 0;
		};
		8E0DA59C2348955F007A23E5 /* Sources */ = {
			isa = PBXSourcesBuildPhase;
			buildActionMask = 2147483647;
			files = (
				8E0DA5A52348955F007A23E5 /* ConstactAppUITests.swift in Sources */,
			);
			runOnlyForDeploymentPostprocessing = 0;
		};
/* End PBXSourcesBuildPhase section */

/* Begin PBXTargetDependency section */
		8E0DA5972348955F007A23E5 /* PBXTargetDependency */ = {
			isa = PBXTargetDependency;
			target = 8E0DA5802348955E007A23E5 /* ConstactApp */;
			targetProxy = 8E0DA5962348955F007A23E5 /* PBXContainerItemProxy */;
		};
		8E0DA5A22348955F007A23E5 /* PBXTargetDependency */ = {
			isa = PBXTargetDependency;
			target = 8E0DA5802348955E007A23E5 /* ConstactApp */;
			targetProxy = 8E0DA5A12348955F007A23E5 /* PBXContainerItemProxy */;
		};
/* End PBXTargetDependency section */

/* Begin PBXVariantGroup section */
		8E0DA5882348955E007A23E5 /* Main.storyboard */ = {
			isa = PBXVariantGroup;
			children = (
				8E0DA5892348955E007A23E5 /* Base */,
			);
			name = Main.storyboard;
			sourceTree = "<group>";
		};
		8E0DA58D2348955F007A23E5 /* LaunchScreen.storyboard */ = {
			isa = PBXVariantGroup;
			children = (
				8E0DA58E2348955F007A23E5 /* Base */,
			);
			name = LaunchScreen.storyboard;
			sourceTree = "<group>";
		};
/* End PBXVariantGroup section */

/* Begin XCBuildConfiguration section */
		8E0DA5A72348955F007A23E5 /* Debug */ = {
			isa = XCBuildConfiguration;
			buildSettings = {
				ALWAYS_SEARCH_USER_PATHS = NO;
				CLANG_ANALYZER_NONNULL = YES;
				CLANG_ANALYZER_NUMBER_OBJECT_CONVERSION = YES_AGGRESSIVE;
				CLANG_CXX_LANGUAGE_STANDARD = "gnu++14";
				CLANG_CXX_LIBRARY = "libc++";
				CLANG_ENABLE_MODULES = YES;
				CLANG_ENABLE_OBJC_ARC = YES;
				CLANG_ENABLE_OBJC_WEAK = YES;
				CLANG_WARN_BLOCK_CAPTURE_AUTORELEASING = YES;
				CLANG_WARN_BOOL_CONVERSION = YES;
				CLANG_WARN_COMMA = YES;
				CLANG_WARN_CONSTANT_CONVERSION = YES;
				CLANG_WARN_DEPRECATED_OBJC_IMPLEMENTATIONS = YES;
				CLANG_WARN_DIRECT_OBJC_ISA_USAGE = YES_ERROR;
				CLANG_WARN_DOCUMENTATION_COMMENTS = YES;
				CLANG_WARN_EMPTY_BODY = YES;
				CLANG_WARN_ENUM_CONVERSION = YES;
				CLANG_WARN_INFINITE_RECURSION = YES;
				CLANG_WARN_INT_CONVERSION = YES;
				CLANG_WARN_NON_LITERAL_NULL_CONVERSION = YES;
				CLANG_WARN_OBJC_IMPLICIT_RETAIN_SELF = YES;
				CLANG_WARN_OBJC_LITERAL_CONVERSION = YES;
				CLANG_WARN_OBJC_ROOT_CLASS = YES_ERROR;
				CLANG_WARN_RANGE_LOOP_ANALYSIS = YES;
				CLANG_WARN_STRICT_PROTOTYPES = YES;
				CLANG_WARN_SUSPICIOUS_MOVE = YES;
				CLANG_WARN_UNGUARDED_AVAILABILITY = YES_AGGRESSIVE;
				CLANG_WARN_UNREACHABLE_CODE = YES;
				CLANG_WARN__DUPLICATE_METHOD_MATCH = YES;
				CODE_SIGN_IDENTITY = "iPhone Developer";
				COPY_PHASE_STRIP = NO;
				DEBUG_INFORMATION_FORMAT = dwarf;
				ENABLE_STRICT_OBJC_MSGSEND = YES;
				ENABLE_TESTABILITY = YES;
				GCC_C_LANGUAGE_STANDARD = gnu11;
				GCC_DYNAMIC_NO_PIC = NO;
				GCC_NO_COMMON_BLOCKS = YES;
				GCC_OPTIMIZATION_LEVEL = 0;
				GCC_PREPROCESSOR_DEFINITIONS = (
					"DEBUG=1",
					"$(inherited)",
				);
				GCC_WARN_64_TO_32_BIT_CONVERSION = YES;
				GCC_WARN_ABOUT_RETURN_TYPE = YES_ERROR;
				GCC_WARN_UNDECLARED_SELECTOR = YES;
				GCC_WARN_UNINITIALIZED_AUTOS = YES_AGGRESSIVE;
				GCC_WARN_UNUSED_FUNCTION = YES;
				GCC_WARN_UNUSED_VARIABLE = YES;
				IPHONEOS_DEPLOYMENT_TARGET = 12.2;
				MTL_ENABLE_DEBUG_INFO = INCLUDE_SOURCE;
				MTL_FAST_MATH = YES;
				ONLY_ACTIVE_ARCH = YES;
				SDKROOT = iphoneos;
				SWIFT_ACTIVE_COMPILATION_CONDITIONS = DEBUG;
				SWIFT_OPTIMIZATION_LEVEL = "-Onone";
			};
			name = Debug;
		};
		8E0DA5A82348955F007A23E5 /* Release */ = {
			isa = XCBuildConfiguration;
			buildSettings = {
				ALWAYS_SEARCH_USER_PATHS = NO;
				CLANG_ANALYZER_NONNULL = YES;
				CLANG_ANALYZER_NUMBER_OBJECT_CONVERSION = YES_AGGRESSIVE;
				CLANG_CXX_LANGUAGE_STANDARD = "gnu++14";
				CLANG_CXX_LIBRARY = "libc++";
				CLANG_ENABLE_MODULES = YES;
				CLANG_ENABLE_OBJC_ARC = YES;
				CLANG_ENABLE_OBJC_WEAK = YES;
				CLANG_WARN_BLOCK_CAPTURE_AUTORELEASING = YES;
				CLANG_WARN_BOOL_CONVERSION = YES;
				CLANG_WARN_COMMA = YES;
				CLANG_WARN_CONSTANT_CONVERSION = YES;
				CLANG_WARN_DEPRECATED_OBJC_IMPLEMENTATIONS = YES;
				CLANG_WARN_DIRECT_OBJC_ISA_USAGE = YES_ERROR;
				CLANG_WARN_DOCUMENTATION_COMMENTS = YES;
				CLANG_WARN_EMPTY_BODY = YES;
				CLANG_WARN_ENUM_CONVERSION = YES;
				CLANG_WARN_INFINITE_RECURSION = YES;
				CLANG_WARN_INT_CONVERSION = YES;
				CLANG_WARN_NON_LITERAL_NULL_CONVERSION = YES;
				CLANG_WARN_OBJC_IMPLICIT_RETAIN_SELF = YES;
				CLANG_WARN_OBJC_LITERAL_CONVERSION = YES;
				CLANG_WARN_OBJC_ROOT_CLASS = YES_ERROR;
				CLANG_WARN_RANGE_LOOP_ANALYSIS = YES;
				CLANG_WARN_STRICT_PROTOTYPES = YES;
				CLANG_WARN_SUSPICIOUS_MOVE = YES;
				CLANG_WARN_UNGUARDED_AVAILABILITY = YES_AGGRESSIVE;
				CLANG_WARN_UNREACHABLE_CODE = YES;
				CLANG_WARN__DUPLICATE_METHOD_MATCH = YES;
				CODE_SIGN_IDENTITY = "iPhone Developer";
				COPY_PHASE_STRIP = NO;
				DEBUG_INFORMATION_FORMAT = "dwarf-with-dsym";
				ENABLE_NS_ASSERTIONS = NO;
				ENABLE_STRICT_OBJC_MSGSEND = YES;
				GCC_C_LANGUAGE_STANDARD = gnu11;
				GCC_NO_COMMON_BLOCKS = YES;
				GCC_WARN_64_TO_32_BIT_CONVERSION = YES;
				GCC_WARN_ABOUT_RETURN_TYPE = YES_ERROR;
				GCC_WARN_UNDECLARED_SELECTOR = YES;
				GCC_WARN_UNINITIALIZED_AUTOS = YES_AGGRESSIVE;
				GCC_WARN_UNUSED_FUNCTION = YES;
				GCC_WARN_UNUSED_VARIABLE = YES;
				IPHONEOS_DEPLOYMENT_TARGET = 12.2;
				MTL_ENABLE_DEBUG_INFO = NO;
				MTL_FAST_MATH = YES;
				SDKROOT = iphoneos;
				SWIFT_COMPILATION_MODE = wholemodule;
				SWIFT_OPTIMIZATION_LEVEL = "-O";
				VALIDATE_PRODUCT = YES;
			};
			name = Release;
		};
		8E0DA5AA2348955F007A23E5 /* Debug */ = {
			isa = XCBuildConfiguration;
			buildSettings = {
				ASSETCATALOG_COMPILER_APPICON_NAME = AppIcon;
				CODE_SIGN_STYLE = Automatic;
				INFOPLIST_FILE = ConstactApp/Info.plist;
				LD_RUNPATH_SEARCH_PATHS = (
					"$(inherited)",
					"@executable_path/Frameworks",
				);
				PRODUCT_BUNDLE_IDENTIFIER = Conduent.ConstactApp;
				PRODUCT_NAME = "$(TARGET_NAME)";
				SWIFT_VERSION = 5.0;
				TARGETED_DEVICE_FAMILY = "1,2";
			};
			name = Debug;
		};
		8E0DA5AB2348955F007A23E5 /* Release */ = {
			isa = XCBuildConfiguration;
			buildSettings = {
				ASSETCATALOG_COMPILER_APPICON_NAME = AppIcon;
				CODE_SIGN_STYLE = Automatic;
				INFOPLIST_FILE = ConstactApp/Info.plist;
				LD_RUNPATH_SEARCH_PATHS = (
					"$(inherited)",
					"@executable_path/Frameworks",
				);
				PRODUCT_BUNDLE_IDENTIFIER = Conduent.ConstactApp;
				PRODUCT_NAME = "$(TARGET_NAME)";
				SWIFT_VERSION = 5.0;
				TARGETED_DEVICE_FAMILY = "1,2";
			};
			name = Release;
		};
		8E0DA5AD2348955F007A23E5 /* Debug */ = {
			isa = XCBuildConfiguration;
			buildSettings = {
				ALWAYS_EMBED_SWIFT_STANDARD_LIBRARIES = YES;
				BUNDLE_LOADER = "$(TEST_HOST)";
				CODE_SIGN_STYLE = Automatic;
				INFOPLIST_FILE = ConstactAppTests/Info.plist;
				LD_RUNPATH_SEARCH_PATHS = (
					"$(inherited)",
					"@executable_path/Frameworks",
					"@loader_path/Frameworks",
				);
				PRODUCT_BUNDLE_IDENTIFIER = Conduent.ConstactAppTests;
				PRODUCT_NAME = "$(TARGET_NAME)";
				SWIFT_VERSION = 5.0;
				TARGETED_DEVICE_FAMILY = "1,2";
				TEST_HOST = "$(BUILT_PRODUCTS_DIR)/ConstactApp.app/ConstactApp";
			};
			name = Debug;
		};
		8E0DA5AE2348955F007A23E5 /* Release */ = {
			isa = XCBuildConfiguration;
			buildSettings = {
				ALWAYS_EMBED_SWIFT_STANDARD_LIBRARIES = YES;
				BUNDLE_LOADER = "$(TEST_HOST)";
				CODE_SIGN_STYLE = Automatic;
				INFOPLIST_FILE = ConstactAppTests/Info.plist;
				LD_RUNPATH_SEARCH_PATHS = (
					"$(inherited)",
					"@executable_path/Frameworks",
					"@loader_path/Frameworks",
				);
				PRODUCT_BUNDLE_IDENTIFIER = Conduent.ConstactAppTests;
				PRODUCT_NAME = "$(TARGET_NAME)";
				SWIFT_VERSION = 5.0;
				TARGETED_DEVICE_FAMILY = "1,2";
				TEST_HOST = "$(BUILT_PRODUCTS_DIR)/ConstactApp.app/ConstactApp";
			};
			name = Release;
		};
		8E0DA5B02348955F007A23E5 /* Debug */ = {
			isa = XCBuildConfiguration;
			buildSettings = {
				ALWAYS_EMBED_SWIFT_STANDARD_LIBRARIES = YES;
				CODE_SIGN_STYLE = Automatic;
				INFOPLIST_FILE = ConstactAppUITests/Info.plist;
				LD_RUNPATH_SEARCH_PATHS = (
					"$(inherited)",
					"@executable_path/Frameworks",
					"@loader_path/Frameworks",
				);
				PRODUCT_BUNDLE_IDENTIFIER = Conduent.ConstactAppUITests;
				PRODUCT_NAME = "$(TARGET_NAME)";
				SWIFT_VERSION = 5.0;
				TARGETED_DEVICE_FAMILY = "1,2";
				TEST_TARGET_NAME = ConstactApp;
			};
			name = Debug;
		};
		8E0DA5B12348955F007A23E5 /* Release */ = {
			isa = XCBuildConfiguration;
			buildSettings = {
				ALWAYS_EMBED_SWIFT_STANDARD_LIBRARIES = YES;
				CODE_SIGN_STYLE = Automatic;
				INFOPLIST_FILE = ConstactAppUITests/Info.plist;
				LD_RUNPATH_SEARCH_PATHS = (
					"$(inherited)",
					"@executable_path/Frameworks",
					"@loader_path/Frameworks",
				);
				PRODUCT_BUNDLE_IDENTIFIER = Conduent.ConstactAppUITests;
				PRODUCT_NAME = "$(TARGET_NAME)";
				SWIFT_VERSION = 5.0;
				TARGETED_DEVICE_FAMILY = "1,2";
				TEST_TARGET_NAME = ConstactApp;
			};
			name = Release;
		};
/* End XCBuildConfiguration section */

/* Begin XCConfigurationList section */
		8E0DA57C2348955E007A23E5 /* Build configuration list for PBXProject "ConstactApp" */ = {
			isa = XCConfigurationList;
			buildConfigurations = (
				8E0DA5A72348955F007A23E5 /* Debug */,
				8E0DA5A82348955F007A23E5 /* Release */,
			);
			defaultConfigurationIsVisible = 0;
			defaultConfigurationName = Release;
		};
		8E0DA5A92348955F007A23E5 /* Build configuration list for PBXNativeTarget "ConstactApp" */ = {
			isa = XCConfigurationList;
			buildConfigurations = (
				8E0DA5AA2348955F007A23E5 /* Debug */,
				8E0DA5AB2348955F007A23E5 /* Release */,
			);
			defaultConfigurationIsVisible = 0;
			defaultConfigurationName = Release;
		};
		8E0DA5AC2348955F007A23E5 /* Build configuration list for PBXNativeTarget "ConstactAppTests" */ = {
			isa = XCConfigurationList;
			buildConfigurations = (
				8E0DA5AD2348955F007A23E5 /* Debug */,
				8E0DA5AE2348955F007A23E5 /* Release */,
			);
			defaultConfigurationIsVisible = 0;
			defaultConfigurationName = Release;
		};
		8E0DA5AF2348955F007A23E5 /* Build configuration list for PBXNativeTarget "ConstactAppUITests" */ = {
			isa = XCConfigurationList;
			buildConfigurations = (
				8E0DA5B02348955F007A23E5 /* Debug */,
				8E0DA5B12348955F007A23E5 /* Release */,
			);
			defaultConfigurationIsVisible = 0;
			defaultConfigurationName = Release;
		};
/* End XCConfigurationList section */
	};
	rootObject = 8E0DA5792348955E007A23E5 /* Project object */;
}
